{
  "version": 4,
  "terraform_version": "1.2.5",
  "serial": 1,
  "lineage": "fe38837b-5846-d648-838c-0faee9cdfc9a",
  "outputs": {},
  "resources": [
    {
      "mode": "managed",
      "type": "aws_vpc",
      "name": "myvpc",
      "provider": "provider[\"registry.terraform.io/hashicorp/aws\"]",
      "instances": [
        {
          "schema_version": 1,
          "attributes": {
            "arn": "arn:aws:ec2:us-east-1:917601004153:vpc/vpc-019cfa2570d4ecf85",
            "assign_generated_ipv6_cidr_block": false,
            "cidr_block": "10.0.0.0/16",
            "default_network_acl_id": "acl-0686208fca5dc76bb",
            "default_route_table_id": "rtb-07ca1c3fdd536dfdb",
            "default_security_group_id": "sg-088c16f0c4c92a754",
            "dhcp_options_id": "dopt-00d213a3f6fdb9a2b",
            "enable_classiclink": false,
            "enable_classiclink_dns_support": false,
            "enable_dns_hostnames": false,
            "enable_dns_support": true,
            "id": "vpc-019cfa2570d4ecf85",
            "instance_tenancy": "default",
            "ipv4_ipam_pool_id": null,
            "ipv4_netmask_length": null,
            "ipv6_association_id": "",
            "ipv6_cidr_block": "",
            "ipv6_cidr_block_network_border_group": "",
            "ipv6_ipam_pool_id": "",
            "ipv6_netmask_length": 0,
            "main_route_table_id": "rtb-07ca1c3fdd536dfdb",
            "owner_id": "917601004153",
            "tags": {
              "Name": "TF-test-vpc"
            },
            "tags_all": {
              "Name": "TF-test-vpc"
            }
          },
          "sensitive_attributes": [],
          "private": "eyJzY2hlbWFfdmVyc2lvbiI6IjEifQ=="
        }
      ]
    }
  ]
}
